
Microsoft Visual Studio Solution File, Format Version 12.00
# Visual Studio Version 16
VisualStudioVersion = 16.0.31410.357
MinimumVisualStudioVersion = 10.0.40219.1
Project("{9A19103F-16F7-4668-BE54-9A1E7A4F7556}") = "MyAPI.Model", "Model\MyAPI.Model.csproj", "{81C89F92-5ABA-45E6-A3AF-D26FEFE1DE76}"
EndProject
Project("{9A19103F-16F7-4668-BE54-9A1E7A4F7556}") = "MyAPI.DataBase", "DataBase\MyAPI.DataBase.csproj", "{ABD6BDDE-3E65-488A-83FD-E2866942AEA7}"
EndProject
Project("{9A19103F-16F7-4668-BE54-9A1E7A4F7556}") = "MyAPI.IRepository", "IRepository\MyAPI.IRepository.csproj", "{5638A968-9CCF-4579-A8C2-49FD80452396}"
EndProject
Project("{9A19103F-16F7-4668-BE54-9A1E7A4F7556}") = "MyAPI.Repository", "Repository\MyAPI.Repository.csproj", "{340D8025-037D-4312-BC8B-77B9139F47D1}"
EndProject
Project("{9A19103F-16F7-4668-BE54-9A1E7A4F7556}") = "MyAPI.IService", "IService\MyAPI.IService.csproj", "{1AD3A13E-B731-4F63-857F-02C46942A458}"
EndProject
Project("{9A19103F-16F7-4668-BE54-9A1E7A4F7556}") = "MyAPI.Service", "Service\MyAPI.Service.csproj", "{626B7ED9-2F11-406C-B3A0-E86454ADE561}"
EndProject
Project("{9A19103F-16F7-4668-BE54-9A1E7A4F7556}") = "MyAPI.APIDemo", "APIDemo\MyAPI.APIDemo.csproj", "{82F679DB-3E51-4C6A-8EA0-E9646D8B8D8A}"
EndProject
Project("{9A19103F-16F7-4668-BE54-9A1E7A4F7556}") = "MyAPI.Common", "Common\MyAPI.Common.csproj", "{98239601-2E85-4900-A225-F5399D4F322B}"
EndProject
Global
	GlobalSection(SolutionConfigurationPlatforms) = preSolution
		Debug|Any CPU = Debug|Any CPU
		Release|Any CPU = Release|Any CPU
	EndGlobalSection
	GlobalSection(ProjectConfigurationPlatforms) = postSolution
		{81C89F92-5ABA-45E6-A3AF-D26FEFE1DE76}.Debug|Any CPU.ActiveCfg = Debug|Any CPU
		{81C89F92-5ABA-45E6-A3AF-D26FEFE1DE76}.Debug|Any CPU.Build.0 = Debug|Any CPU
		{81C89F92-5ABA-45E6-A3AF-D26FEFE1DE76}.Release|Any CPU.ActiveCfg = Release|Any CPU
		{81C89F92-5ABA-45E6-A3AF-D26FEFE1DE76}.Release|Any CPU.Build.0 = Release|Any CPU
		{ABD6BDDE-3E65-488A-83FD-E2866942AEA7}.Debug|Any CPU.ActiveCfg = Debug|Any CPU
		{ABD6BDDE-3E65-488A-83FD-E2866942AEA7}.Debug|Any CPU.Build.0 = Debug|Any CPU
		{ABD6BDDE-3E65-488A-83FD-E2866942AEA7}.Release|Any CPU.ActiveCfg = Release|Any CPU
		{ABD6BDDE-3E65-488A-83FD-E2866942AEA7}.Release|Any CPU.Build.0 = Release|Any CPU
		{5638A968-9CCF-4579-A8C2-49FD80452396}.Debug|Any CPU.ActiveCfg = Debug|Any CPU
		{5638A968-9CCF-4579-A8C2-49FD80452396}.Debug|Any CPU.Build.0 = Debug|Any CPU
		{5638A968-9CCF-4579-A8C2-49FD80452396}.Release|Any CPU.ActiveCfg = Release|Any CPU
		{5638A968-9CCF-4579-A8C2-49FD80452396}.Release|Any CPU.Build.0 = Release|Any CPU
		{340D8025-037D-4312-BC8B-77B9139F47D1}.Debug|Any CPU.ActiveCfg = Debug|Any CPU
		{340D8025-037D-4312-BC8B-77B9139F47D1}.Debug|Any CPU.Build.0 = Debug|Any CPU
		{340D8025-037D-4312-BC8B-77B9139F47D1}.Release|Any CPU.ActiveCfg = Release|Any CPU
		{340D8025-037D-4312-BC8B-77B9139F47D1}.Release|Any CPU.Build.0 = Release|Any CPU
		{1AD3A13E-B731-4F63-857F-02C46942A458}.Debug|Any CPU.ActiveCfg = Debug|Any CPU
		{1AD3A13E-B731-4F63-857F-02C46942A458}.Debug|Any CPU.Build.0 = Debug|Any CPU
		{1AD3A13E-B731-4F63-857F-02C46942A458}.Release|Any CPU.ActiveCfg = Release|Any CPU
		{1AD3A13E-B731-4F63-857F-02C46942A458}.Release|Any CPU.Build.0 = Release|Any CPU
		{626B7ED9-2F11-406C-B3A0-E86454ADE561}.Debug|Any CPU.ActiveCfg = Debug|Any CPU
		{626B7ED9-2F11-406C-B3A0-E86454ADE561}.Debug|Any CPU.Build.0 = Debug|Any CPU
		{626B7ED9-2F11-406C-B3A0-E86454ADE561}.Release|Any CPU.ActiveCfg = Release|Any CPU
		{626B7ED9-2F11-406C-B3A0-E86454ADE561}.Release|Any CPU.Build.0 = Release|Any CPU
		{82F679DB-3E51-4C6A-8EA0-E9646D8B8D8A}.Debug|Any CPU.ActiveCfg = Debug|Any CPU
		{82F679DB-3E51-4C6A-8EA0-E9646D8B8D8A}.Debug|Any CPU.Build.0 = Debug|Any CPU
		{82F679DB-3E51-4C6A-8EA0-E9646D8B8D8A}.Release|Any CPU.ActiveCfg = Release|Any CPU
		{82F679DB-3E51-4C6A-8EA0-E9646D8B8D8A}.Release|Any CPU.Build.0 = Release|Any CPU
		{98239601-2E85-4900-A225-F5399D4F322B}.Debug|Any CPU.ActiveCfg = Debug|Any CPU
		{98239601-2E85-4900-A225-F5399D4F322B}.Debug|Any CPU.Build.0 = Debug|Any CPU
		{98239601-2E85-4900-A225-F5399D4F322B}.Release|Any CPU.ActiveCfg = Release|Any CPU
		{98239601-2E85-4900-A225-F5399D4F322B}.Release|Any CPU.Build.0 = Release|Any CPU
	EndGlobalSection
	GlobalSection(SolutionProperties) = preSolution
		HideSolutionNode = FALSE
	EndGlobalSection
	GlobalSection(ExtensibilityGlobals) = postSolution
		SolutionGuid = {5A2CE68A-83FA-4CF4-AE6C-1078283E3854}
	EndGlobalSection
EndGlobal
