
Microsoft Visual Studio Solution File, Format Version 12.00
# Visual Studio Version 16
VisualStudioVersion = 16.0.31410.357
MinimumVisualStudioVersion = 10.0.40219.1
Project("{FAE04EC0-301F-11D3-BF4B-00C04F79EFBC}") = "Model", "Model\Model.csproj", "{81C89F92-5ABA-45E6-A3AF-D26FEFE1DE76}"
EndProject
Project("{FAE04EC0-301F-11D3-BF4B-00C04F79EFBC}") = "AppDBContext", "AppDBContext\AppDBContext.csproj", "{ABD6BDDE-3E65-488A-83FD-E2866942AEA7}"
EndProject
Global
	GlobalSection(SolutionConfigurationPlatforms) = preSolution
		Debug|Any CPU = Debug|Any CPU
		Release|Any CPU = Release|Any CPU
	EndGlobalSection
	GlobalSection(ProjectConfigurationPlatforms) = postSolution
		{81C89F92-5ABA-45E6-A3AF-D26FEFE1DE76}.Debug|Any CPU.ActiveCfg = Debug|Any CPU
		{81C89F92-5ABA-45E6-A3AF-D26FEFE1DE76}.Debug|Any CPU.Build.0 = Debug|Any CPU
		{81C89F92-5ABA-45E6-A3AF-D26FEFE1DE76}.Release|Any CPU.ActiveCfg = Release|Any CPU
		{81C89F92-5ABA-45E6-A3AF-D26FEFE1DE76}.Release|Any CPU.Build.0 = Release|Any CPU
		{ABD6BDDE-3E65-488A-83FD-E2866942AEA7}.Debug|Any CPU.ActiveCfg = Debug|Any CPU
		{ABD6BDDE-3E65-488A-83FD-E2866942AEA7}.Debug|Any CPU.Build.0 = Debug|Any CPU
		{ABD6BDDE-3E65-488A-83FD-E2866942AEA7}.Release|Any CPU.ActiveCfg = Release|Any CPU
		{ABD6BDDE-3E65-488A-83FD-E2866942AEA7}.Release|Any CPU.Build.0 = Release|Any CPU
	EndGlobalSection
	GlobalSection(SolutionProperties) = preSolution
		HideSolutionNode = FALSE
	EndGlobalSection
	GlobalSection(ExtensibilityGlobals) = postSolution
		SolutionGuid = {5A2CE68A-83FA-4CF4-AE6C-1078283E3854}
	EndGlobalSection
EndGlobal
